
Microsoft Visual Studio Solution File, Format Version 12.00
# Visual Studio Version 16
VisualStudioVersion = 16.0.30804.86
MinimumVisualStudioVersion = 10.0.40219.1
Project("{FAE04EC0-301F-11D3-BF4B-00C04F79EFBC}") = "바코드 생성기", "바코드 생성기\바코드 생성기.csproj", "{3DD0E308-A201-41F3-91CF-015881115A9A}"
EndProject
Global
	GlobalSection(SolutionConfigurationPlatforms) = preSolution
		Debug|Any CPU = Debug|Any CPU
		Release|Any CPU = Release|Any CPU
	EndGlobalSection
	GlobalSection(ProjectConfigurationPlatforms) = postSolution
		{3DD0E308-A201-41F3-91CF-015881115A9A}.Debug|Any CPU.ActiveCfg = Debug|Any CPU
		{3DD0E308-A201-41F3-91CF-015881115A9A}.Debug|Any CPU.Build.0 = Debug|Any CPU
		{3DD0E308-A201-41F3-91CF-015881115A9A}.Release|Any CPU.ActiveCfg = Release|Any CPU
		{3DD0E308-A201-41F3-91CF-015881115A9A}.Release|Any CPU.Build.0 = Release|Any CPU
	EndGlobalSection
	GlobalSection(SolutionProperties) = preSolution
		HideSolutionNode = FALSE
	EndGlobalSection
	GlobalSection(ExtensibilityGlobals) = postSolution
		SolutionGuid = {64703D9A-3C13-4D8C-B614-537E60A82216}
	EndGlobalSection
EndGlobal
